
Microsoft Visual Studio Solution File, Format Version 12.00
# Visual Studio 14
VisualStudioVersion = 14.0.25420.1
MinimumVisualStudioVersion = 10.0.40219.1
Project("{2150E333-8FDC-42A3-9474-1A3956D46DE8}") = ".nuget", ".nuget", "{FD2DFC64-88AB-47EF-B42B-B6D8DC177834}"
	ProjectSection(SolutionItems) = preProject
		.nuget\NuGet.Config = .nuget\NuGet.Config
		.nuget\NuGet.exe = .nuget\NuGet.exe
		.nuget\NuGet.targets = .nuget\NuGet.targets
	EndProjectSection
EndProject
Project("{2150E333-8FDC-42A3-9474-1A3956D46DE8}") = "Presentation", "Presentation", "{E9B23F1F-B518-4756-AF37-2C8C78B1BDA8}"
EndProject
Project("{2150E333-8FDC-42A3-9474-1A3956D46DE8}") = "Infrastructure", "Infrastructure", "{09F00313-F83F-45CC-A2BF-651A6D0B7A9F}"
EndProject
Project("{2150E333-8FDC-42A3-9474-1A3956D46DE8}") = "Service", "Service", "{EC0B9D55-BF3A-466B-9574-9CA7DB0D9E17}"
EndProject
Project("{2150E333-8FDC-42A3-9474-1A3956D46DE8}") = "Core", "Core", "{FDE266FE-0F92-4245-B8D2-16180837DDDF}"
EndProject
Project("{FAE04EC0-301F-11D3-BF4B-00C04F79EFBC}") = "Fly01.Core", "Fly01.Core\Fly01.Core.csproj", "{D848BBBD-61A9-4843-A16D-14A2B6EBEC85}"
EndProject
Project("{FAE04EC0-301F-11D3-BF4B-00C04F79EFBC}") = "Fly01.Core.Notifications", "Fly01.Core.Notifications\Fly01.Core.Notifications.csproj", "{89C80F58-C490-4C34-B04E-7C43F5F09951}"
EndProject
Project("{FAE04EC0-301F-11D3-BF4B-00C04F79EFBC}") = "Fly01.Core.SOAManager", "Fly01.Core.SOAManager\Fly01.Core.SOAManager.csproj", "{A9FA1417-88A1-41A6-91AC-22F8E434F7F8}"
EndProject
Project("{FAE04EC0-301F-11D3-BF4B-00C04F79EFBC}") = "MEI.Financeiro.BL", "appfinanceiro\Fly01.Financeiro.BL\MEI.Financeiro.BL.csproj", "{E292EA68-56CE-4D3F-BA97-06DA892174F9}"
EndProject
Project("{FAE04EC0-301F-11D3-BF4B-00C04F79EFBC}") = "MEI.Financeiro.DAL", "appfinanceiro\Fly01.Financeiro.DAL\MEI.Financeiro.DAL.csproj", "{599FC6F5-A443-4D81-81CB-6DFD2ABFF728}"
EndProject
Project("{FAE04EC0-301F-11D3-BF4B-00C04F79EFBC}") = "MEI.Financeiro", "appfinanceiro\Fly01.Financeiro\MEI.Financeiro.csproj", "{74F85E28-C4B7-434D-A9A7-0AED58789137}"
EndProject
Project("{FAE04EC0-301F-11D3-BF4B-00C04F79EFBC}") = "MEI.Financeiro.API", "appfinanceiro\Fly01.Financeiro.API\MEI.Financeiro.API.csproj", "{6FED4A1F-1A7D-49B8-AED7-7E0BBF4F899D}"
EndProject
Project("{FAE04EC0-301F-11D3-BF4B-00C04F79EFBC}") = "Fly01.Core.API", "Fly01.Core.API\Fly01.Core.API.csproj", "{24148D87-4211-43B6-9C02-CD6E0D03EE0A}"
EndProject
Project("{FAE04EC0-301F-11D3-BF4B-00C04F79EFBC}") = "Fly01.Core.BL", "Fly01.Core.BL\Fly01.Core.BL.csproj", "{E491B024-3E82-40F3-9108-F402D8023A19}"
EndProject
Project("{FAE04EC0-301F-11D3-BF4B-00C04F79EFBC}") = "Fly01.Core.Presentation", "Fly01.Core.Presentation\Fly01.Core.Presentation.csproj", "{C285FE7E-0A0C-47CE-BAE9-7FCBDCEEE378}"
EndProject
Project("{FAE04EC0-301F-11D3-BF4B-00C04F79EFBC}") = "Fly01.Core.ServiceBus", "Fly01.Core.ServiceBus\Fly01.Core.ServiceBus.csproj", "{321E2009-C06C-4848-9DF5-1EF9D17AD61C}"
EndProject
Project("{FAE04EC0-301F-11D3-BF4B-00C04F79EFBC}") = "Fly01.Core.Mensageria", "Fly01.Core.Mensageria\Fly01.Core.Mensageria.csproj", "{2A0FD4C0-CDED-410F-8F09-EE85154679E3}"
EndProject
Project("{FAE04EC0-301F-11D3-BF4B-00C04F79EFBC}") = "Fly01.Core.Rest", "Fly01.Core.Rest\Fly01.Core.Rest.csproj", "{8B4C697E-B194-4AA1-9BA5-7AD8C2D19AE7}"
EndProject
Project("{FAE04EC0-301F-11D3-BF4B-00C04F79EFBC}") = "Fly01.Core.Reports", "Fly01.Core.Reports\Fly01.Core.Reports.csproj", "{1A7C9367-04E5-41F0-B142-D66935CE3305}"
EndProject
Project("{FAE04EC0-301F-11D3-BF4B-00C04F79EFBC}") = "Fly01.Core.Helpers", "Fly01.Core.Helpers\Fly01.Core.Helpers.csproj", "{D3EE1325-9A1D-4620-853B-822D88105147}"
EndProject
Project("{FAE04EC0-301F-11D3-BF4B-00C04F79EFBC}") = "Fly01.Core.Entities", "Fly01.Core.Entities\Fly01.Core.Entities.csproj", "{26E9896F-EDF5-4E59-9E0F-627C70E2E59E}"
EndProject
Project("{2150E333-8FDC-42A3-9474-1A3956D46DE8}") = "BL", "BL", "{64C3D174-6165-461C-8250-23910AC88208}"
EndProject
Project("{2150E333-8FDC-42A3-9474-1A3956D46DE8}") = "DAL", "DAL", "{1005E8B8-FC2A-46F7-B359-63EADF639BE9}"
	ProjectSection(SolutionItems) = preProject
		MigrationCommands.md = MigrationCommands.md
	EndProjectSection
EndProject
Project("{2150E333-8FDC-42A3-9474-1A3956D46DE8}") = "Solution Items", "Solution Items", "{6334FCAC-BF9B-4C98-BD88-F65EC823714D}"
	ProjectSection(SolutionItems) = preProject
		MigrationCommands.md = MigrationCommands.md
		README.md = README.md
		RunUpdateDatabase.ps1 = RunUpdateDatabase.ps1
	EndProjectSection
EndProject
Global
	GlobalSection(SolutionConfigurationPlatforms) = preSolution
		Debug|Any CPU = Debug|Any CPU
		Homologacao|Any CPU = Homologacao|Any CPU
		Release|Any CPU = Release|Any CPU
	EndGlobalSection
	GlobalSection(ProjectConfigurationPlatforms) = postSolution
		{D848BBBD-61A9-4843-A16D-14A2B6EBEC85}.Debug|Any CPU.ActiveCfg = Debug|Any CPU
		{D848BBBD-61A9-4843-A16D-14A2B6EBEC85}.Debug|Any CPU.Build.0 = Debug|Any CPU
		{D848BBBD-61A9-4843-A16D-14A2B6EBEC85}.Homologacao|Any CPU.ActiveCfg = Release|Any CPU
		{D848BBBD-61A9-4843-A16D-14A2B6EBEC85}.Homologacao|Any CPU.Build.0 = Release|Any CPU
		{D848BBBD-61A9-4843-A16D-14A2B6EBEC85}.Release|Any CPU.ActiveCfg = Release|Any CPU
		{D848BBBD-61A9-4843-A16D-14A2B6EBEC85}.Release|Any CPU.Build.0 = Release|Any CPU
		{89C80F58-C490-4C34-B04E-7C43F5F09951}.Debug|Any CPU.ActiveCfg = Debug|Any CPU
		{89C80F58-C490-4C34-B04E-7C43F5F09951}.Debug|Any CPU.Build.0 = Debug|Any CPU
		{89C80F58-C490-4C34-B04E-7C43F5F09951}.Homologacao|Any CPU.ActiveCfg = Release|Any CPU
		{89C80F58-C490-4C34-B04E-7C43F5F09951}.Homologacao|Any CPU.Build.0 = Release|Any CPU
		{89C80F58-C490-4C34-B04E-7C43F5F09951}.Release|Any CPU.ActiveCfg = Release|Any CPU
		{89C80F58-C490-4C34-B04E-7C43F5F09951}.Release|Any CPU.Build.0 = Release|Any CPU
		{A9FA1417-88A1-41A6-91AC-22F8E434F7F8}.Debug|Any CPU.ActiveCfg = Debug|Any CPU
		{A9FA1417-88A1-41A6-91AC-22F8E434F7F8}.Debug|Any CPU.Build.0 = Debug|Any CPU
		{A9FA1417-88A1-41A6-91AC-22F8E434F7F8}.Homologacao|Any CPU.ActiveCfg = Release|Any CPU
		{A9FA1417-88A1-41A6-91AC-22F8E434F7F8}.Homologacao|Any CPU.Build.0 = Release|Any CPU
		{A9FA1417-88A1-41A6-91AC-22F8E434F7F8}.Release|Any CPU.ActiveCfg = Release|Any CPU
		{A9FA1417-88A1-41A6-91AC-22F8E434F7F8}.Release|Any CPU.Build.0 = Release|Any CPU
		{E292EA68-56CE-4D3F-BA97-06DA892174F9}.Debug|Any CPU.ActiveCfg = Debug|Any CPU
		{E292EA68-56CE-4D3F-BA97-06DA892174F9}.Debug|Any CPU.Build.0 = Debug|Any CPU
		{E292EA68-56CE-4D3F-BA97-06DA892174F9}.Homologacao|Any CPU.ActiveCfg = Homologacao|Any CPU
		{E292EA68-56CE-4D3F-BA97-06DA892174F9}.Homologacao|Any CPU.Build.0 = Homologacao|Any CPU
		{E292EA68-56CE-4D3F-BA97-06DA892174F9}.Release|Any CPU.ActiveCfg = Release|Any CPU
		{E292EA68-56CE-4D3F-BA97-06DA892174F9}.Release|Any CPU.Build.0 = Release|Any CPU
		{599FC6F5-A443-4D81-81CB-6DFD2ABFF728}.Debug|Any CPU.ActiveCfg = Debug|Any CPU
		{599FC6F5-A443-4D81-81CB-6DFD2ABFF728}.Debug|Any CPU.Build.0 = Debug|Any CPU
		{599FC6F5-A443-4D81-81CB-6DFD2ABFF728}.Homologacao|Any CPU.ActiveCfg = Homologacao|Any CPU
		{599FC6F5-A443-4D81-81CB-6DFD2ABFF728}.Homologacao|Any CPU.Build.0 = Homologacao|Any CPU
		{599FC6F5-A443-4D81-81CB-6DFD2ABFF728}.Release|Any CPU.ActiveCfg = Release|Any CPU
		{599FC6F5-A443-4D81-81CB-6DFD2ABFF728}.Release|Any CPU.Build.0 = Release|Any CPU
		{74F85E28-C4B7-434D-A9A7-0AED58789137}.Debug|Any CPU.ActiveCfg = Debug|Any CPU
		{74F85E28-C4B7-434D-A9A7-0AED58789137}.Debug|Any CPU.Build.0 = Debug|Any CPU
		{74F85E28-C4B7-434D-A9A7-0AED58789137}.Homologacao|Any CPU.ActiveCfg = Homologacao|Any CPU
		{74F85E28-C4B7-434D-A9A7-0AED58789137}.Homologacao|Any CPU.Build.0 = Homologacao|Any CPU
		{74F85E28-C4B7-434D-A9A7-0AED58789137}.Release|Any CPU.ActiveCfg = Release|Any CPU
		{74F85E28-C4B7-434D-A9A7-0AED58789137}.Release|Any CPU.Build.0 = Release|Any CPU
		{6FED4A1F-1A7D-49B8-AED7-7E0BBF4F899D}.Debug|Any CPU.ActiveCfg = Debug|Any CPU
		{6FED4A1F-1A7D-49B8-AED7-7E0BBF4F899D}.Debug|Any CPU.Build.0 = Debug|Any CPU
		{6FED4A1F-1A7D-49B8-AED7-7E0BBF4F899D}.Homologacao|Any CPU.ActiveCfg = Homologacao|Any CPU
		{6FED4A1F-1A7D-49B8-AED7-7E0BBF4F899D}.Homologacao|Any CPU.Build.0 = Homologacao|Any CPU
		{6FED4A1F-1A7D-49B8-AED7-7E0BBF4F899D}.Release|Any CPU.ActiveCfg = Release|Any CPU
		{6FED4A1F-1A7D-49B8-AED7-7E0BBF4F899D}.Release|Any CPU.Build.0 = Release|Any CPU
		{24148D87-4211-43B6-9C02-CD6E0D03EE0A}.Debug|Any CPU.ActiveCfg = Debug|Any CPU
		{24148D87-4211-43B6-9C02-CD6E0D03EE0A}.Debug|Any CPU.Build.0 = Debug|Any CPU
		{24148D87-4211-43B6-9C02-CD6E0D03EE0A}.Homologacao|Any CPU.ActiveCfg = Release|Any CPU
		{24148D87-4211-43B6-9C02-CD6E0D03EE0A}.Homologacao|Any CPU.Build.0 = Release|Any CPU
		{24148D87-4211-43B6-9C02-CD6E0D03EE0A}.Release|Any CPU.ActiveCfg = Release|Any CPU
		{24148D87-4211-43B6-9C02-CD6E0D03EE0A}.Release|Any CPU.Build.0 = Release|Any CPU
		{E491B024-3E82-40F3-9108-F402D8023A19}.Debug|Any CPU.ActiveCfg = Debug|Any CPU
		{E491B024-3E82-40F3-9108-F402D8023A19}.Debug|Any CPU.Build.0 = Debug|Any CPU
		{E491B024-3E82-40F3-9108-F402D8023A19}.Homologacao|Any CPU.ActiveCfg = Release|Any CPU
		{E491B024-3E82-40F3-9108-F402D8023A19}.Homologacao|Any CPU.Build.0 = Release|Any CPU
		{E491B024-3E82-40F3-9108-F402D8023A19}.Release|Any CPU.ActiveCfg = Release|Any CPU
		{E491B024-3E82-40F3-9108-F402D8023A19}.Release|Any CPU.Build.0 = Release|Any CPU
		{C285FE7E-0A0C-47CE-BAE9-7FCBDCEEE378}.Debug|Any CPU.ActiveCfg = Debug|Any CPU
		{C285FE7E-0A0C-47CE-BAE9-7FCBDCEEE378}.Debug|Any CPU.Build.0 = Debug|Any CPU
		{C285FE7E-0A0C-47CE-BAE9-7FCBDCEEE378}.Homologacao|Any CPU.ActiveCfg = Release|Any CPU
		{C285FE7E-0A0C-47CE-BAE9-7FCBDCEEE378}.Homologacao|Any CPU.Build.0 = Release|Any CPU
		{C285FE7E-0A0C-47CE-BAE9-7FCBDCEEE378}.Release|Any CPU.ActiveCfg = Release|Any CPU
		{C285FE7E-0A0C-47CE-BAE9-7FCBDCEEE378}.Release|Any CPU.Build.0 = Release|Any CPU
		{321E2009-C06C-4848-9DF5-1EF9D17AD61C}.Debug|Any CPU.ActiveCfg = Debug|Any CPU
		{321E2009-C06C-4848-9DF5-1EF9D17AD61C}.Debug|Any CPU.Build.0 = Debug|Any CPU
		{321E2009-C06C-4848-9DF5-1EF9D17AD61C}.Homologacao|Any CPU.ActiveCfg = Release|Any CPU
		{321E2009-C06C-4848-9DF5-1EF9D17AD61C}.Homologacao|Any CPU.Build.0 = Release|Any CPU
		{321E2009-C06C-4848-9DF5-1EF9D17AD61C}.Release|Any CPU.ActiveCfg = Release|Any CPU
		{321E2009-C06C-4848-9DF5-1EF9D17AD61C}.Release|Any CPU.Build.0 = Release|Any CPU
		{2A0FD4C0-CDED-410F-8F09-EE85154679E3}.Debug|Any CPU.ActiveCfg = Debug|Any CPU
		{2A0FD4C0-CDED-410F-8F09-EE85154679E3}.Debug|Any CPU.Build.0 = Debug|Any CPU
		{2A0FD4C0-CDED-410F-8F09-EE85154679E3}.Homologacao|Any CPU.ActiveCfg = Release|Any CPU
		{2A0FD4C0-CDED-410F-8F09-EE85154679E3}.Homologacao|Any CPU.Build.0 = Release|Any CPU
		{2A0FD4C0-CDED-410F-8F09-EE85154679E3}.Release|Any CPU.ActiveCfg = Release|Any CPU
		{2A0FD4C0-CDED-410F-8F09-EE85154679E3}.Release|Any CPU.Build.0 = Release|Any CPU
		{8B4C697E-B194-4AA1-9BA5-7AD8C2D19AE7}.Debug|Any CPU.ActiveCfg = Debug|Any CPU
		{8B4C697E-B194-4AA1-9BA5-7AD8C2D19AE7}.Debug|Any CPU.Build.0 = Debug|Any CPU
		{8B4C697E-B194-4AA1-9BA5-7AD8C2D19AE7}.Homologacao|Any CPU.ActiveCfg = Release|Any CPU
		{8B4C697E-B194-4AA1-9BA5-7AD8C2D19AE7}.Homologacao|Any CPU.Build.0 = Release|Any CPU
		{8B4C697E-B194-4AA1-9BA5-7AD8C2D19AE7}.Release|Any CPU.ActiveCfg = Release|Any CPU
		{8B4C697E-B194-4AA1-9BA5-7AD8C2D19AE7}.Release|Any CPU.Build.0 = Release|Any CPU
		{1A7C9367-04E5-41F0-B142-D66935CE3305}.Debug|Any CPU.ActiveCfg = Debug|Any CPU
		{1A7C9367-04E5-41F0-B142-D66935CE3305}.Debug|Any CPU.Build.0 = Debug|Any CPU
		{1A7C9367-04E5-41F0-B142-D66935CE3305}.Homologacao|Any CPU.ActiveCfg = Release|Any CPU
		{1A7C9367-04E5-41F0-B142-D66935CE3305}.Homologacao|Any CPU.Build.0 = Release|Any CPU
		{1A7C9367-04E5-41F0-B142-D66935CE3305}.Release|Any CPU.ActiveCfg = Release|Any CPU
		{1A7C9367-04E5-41F0-B142-D66935CE3305}.Release|Any CPU.Build.0 = Release|Any CPU
		{D3EE1325-9A1D-4620-853B-822D88105147}.Debug|Any CPU.ActiveCfg = Debug|Any CPU
		{D3EE1325-9A1D-4620-853B-822D88105147}.Debug|Any CPU.Build.0 = Debug|Any CPU
		{D3EE1325-9A1D-4620-853B-822D88105147}.Homologacao|Any CPU.ActiveCfg = Release|Any CPU
		{D3EE1325-9A1D-4620-853B-822D88105147}.Homologacao|Any CPU.Build.0 = Release|Any CPU
		{D3EE1325-9A1D-4620-853B-822D88105147}.Release|Any CPU.ActiveCfg = Release|Any CPU
		{D3EE1325-9A1D-4620-853B-822D88105147}.Release|Any CPU.Build.0 = Release|Any CPU
		{26E9896F-EDF5-4E59-9E0F-627C70E2E59E}.Debug|Any CPU.ActiveCfg = Debug|Any CPU
		{26E9896F-EDF5-4E59-9E0F-627C70E2E59E}.Debug|Any CPU.Build.0 = Debug|Any CPU
		{26E9896F-EDF5-4E59-9E0F-627C70E2E59E}.Homologacao|Any CPU.ActiveCfg = Release|Any CPU
		{26E9896F-EDF5-4E59-9E0F-627C70E2E59E}.Homologacao|Any CPU.Build.0 = Release|Any CPU
		{26E9896F-EDF5-4E59-9E0F-627C70E2E59E}.Release|Any CPU.ActiveCfg = Release|Any CPU
		{26E9896F-EDF5-4E59-9E0F-627C70E2E59E}.Release|Any CPU.Build.0 = Release|Any CPU
	EndGlobalSection
	GlobalSection(SolutionProperties) = preSolution
		HideSolutionNode = FALSE
	EndGlobalSection
	GlobalSection(NestedProjects) = preSolution
		{D848BBBD-61A9-4843-A16D-14A2B6EBEC85} = {FDE266FE-0F92-4245-B8D2-16180837DDDF}
		{89C80F58-C490-4C34-B04E-7C43F5F09951} = {FDE266FE-0F92-4245-B8D2-16180837DDDF}
		{A9FA1417-88A1-41A6-91AC-22F8E434F7F8} = {FDE266FE-0F92-4245-B8D2-16180837DDDF}
		{E292EA68-56CE-4D3F-BA97-06DA892174F9} = {64C3D174-6165-461C-8250-23910AC88208}
		{599FC6F5-A443-4D81-81CB-6DFD2ABFF728} = {1005E8B8-FC2A-46F7-B359-63EADF639BE9}
		{74F85E28-C4B7-434D-A9A7-0AED58789137} = {E9B23F1F-B518-4756-AF37-2C8C78B1BDA8}
		{6FED4A1F-1A7D-49B8-AED7-7E0BBF4F899D} = {EC0B9D55-BF3A-466B-9574-9CA7DB0D9E17}
		{24148D87-4211-43B6-9C02-CD6E0D03EE0A} = {FDE266FE-0F92-4245-B8D2-16180837DDDF}
		{E491B024-3E82-40F3-9108-F402D8023A19} = {FDE266FE-0F92-4245-B8D2-16180837DDDF}
		{C285FE7E-0A0C-47CE-BAE9-7FCBDCEEE378} = {FDE266FE-0F92-4245-B8D2-16180837DDDF}
		{321E2009-C06C-4848-9DF5-1EF9D17AD61C} = {FDE266FE-0F92-4245-B8D2-16180837DDDF}
		{2A0FD4C0-CDED-410F-8F09-EE85154679E3} = {FDE266FE-0F92-4245-B8D2-16180837DDDF}
		{8B4C697E-B194-4AA1-9BA5-7AD8C2D19AE7} = {FDE266FE-0F92-4245-B8D2-16180837DDDF}
		{1A7C9367-04E5-41F0-B142-D66935CE3305} = {FDE266FE-0F92-4245-B8D2-16180837DDDF}
		{D3EE1325-9A1D-4620-853B-822D88105147} = {FDE266FE-0F92-4245-B8D2-16180837DDDF}
		{26E9896F-EDF5-4E59-9E0F-627C70E2E59E} = {FDE266FE-0F92-4245-B8D2-16180837DDDF}
		{64C3D174-6165-461C-8250-23910AC88208} = {09F00313-F83F-45CC-A2BF-651A6D0B7A9F}
		{1005E8B8-FC2A-46F7-B359-63EADF639BE9} = {09F00313-F83F-45CC-A2BF-651A6D0B7A9F}
	EndGlobalSection
	GlobalSection(ExtensibilityGlobals) = postSolution
		SolutionGuid = {32572076-935E-4887-B88E-5E0B3DA88A78}
	EndGlobalSection
EndGlobal
